
Microsoft Visual Studio Solution File, Format Version 12.00
# Visual Studio Version 17
VisualStudioVersion = 17.7.34221.43
MinimumVisualStudioVersion = 10.0.40219.1
Project("{FAE04EC0-301F-11D3-BF4B-00C04F79EFBC}") = "Advent Of Code 2023", "Advent Of Code 2023\Advent Of Code 2023.csproj", "{4EA795D0-092E-4D69-BB47-00633EACA170}"
EndProject
Project("{FAE04EC0-301F-11D3-BF4B-00C04F79EFBC}") = "Day 1 part 1", "Day 1 part 1\Day 1 part 1.csproj", "{CE954512-3F05-42C9-99BF-0D3EDAE42CD6}"
EndProject
Project("{FAE04EC0-301F-11D3-BF4B-00C04F79EFBC}") = "Day 2 Part 1", "Day 2 Part 1\Day 2 Part 1.csproj", "{4F4C5B98-9E31-4792-B40D-DA3651CD71BB}"
EndProject
Project("{FAE04EC0-301F-11D3-BF4B-00C04F79EFBC}") = "Day 2 Part 2", "Day 2 Part 2\Day 2 Part 2.csproj", "{EAF7BA39-90F2-4D9C-91C5-9DA5846A509E}"
EndProject
Project("{FAE04EC0-301F-11D3-BF4B-00C04F79EFBC}") = "Day 3 Part 1", "Day 3 Part 1\Day 3 Part 1.csproj", "{979F9D6E-36B5-4EDA-82EC-C62D95B25BAE}"
EndProject
Project("{FAE04EC0-301F-11D3-BF4B-00C04F79EFBC}") = "Day 3 Part 2", "Day 3 Part 2\Day 3 Part 2.csproj", "{7B92DB00-41B9-415F-BE30-74295BF35798}"
EndProject
Project("{FAE04EC0-301F-11D3-BF4B-00C04F79EFBC}") = "Day 4 Part 1", "Day 4 Part 1\Day 4 Part 1.csproj", "{69CFAB93-B060-4474-B40E-6CF6CCA738FD}"
EndProject
Project("{FAE04EC0-301F-11D3-BF4B-00C04F79EFBC}") = "Day 4 Part 2", "Day 4 Part 2\Day 4 Part 2.csproj", "{3219B9C8-F248-4347-9D02-2A1156ECBC2B}"
EndProject
Project("{FAE04EC0-301F-11D3-BF4B-00C04F79EFBC}") = "Day 5 Part 1", "Day 5 Part 1\Day 5 Part 1.csproj", "{820577D8-6BB5-4648-B16B-4B65D9F99EB6}"
EndProject
Project("{FAE04EC0-301F-11D3-BF4B-00C04F79EFBC}") = "Day 5 Part 2", "Day 5 Part 2\Day 5 Part 2.csproj", "{1806F3A0-6299-47E0-BD01-81F4E92E2C3D}"
EndProject
Global
	GlobalSection(SolutionConfigurationPlatforms) = preSolution
		Debug|Any CPU = Debug|Any CPU
		Debug|x86 = Debug|x86
		Release|Any CPU = Release|Any CPU
		Release|x86 = Release|x86
	EndGlobalSection
	GlobalSection(ProjectConfigurationPlatforms) = postSolution
		{4EA795D0-092E-4D69-BB47-00633EACA170}.Debug|Any CPU.ActiveCfg = Debug|Any CPU
		{4EA795D0-092E-4D69-BB47-00633EACA170}.Debug|Any CPU.Build.0 = Debug|Any CPU
		{4EA795D0-092E-4D69-BB47-00633EACA170}.Debug|x86.ActiveCfg = Debug|x86
		{4EA795D0-092E-4D69-BB47-00633EACA170}.Debug|x86.Build.0 = Debug|x86
		{4EA795D0-092E-4D69-BB47-00633EACA170}.Release|Any CPU.ActiveCfg = Release|Any CPU
		{4EA795D0-092E-4D69-BB47-00633EACA170}.Release|Any CPU.Build.0 = Release|Any CPU
		{4EA795D0-092E-4D69-BB47-00633EACA170}.Release|x86.ActiveCfg = Release|x86
		{4EA795D0-092E-4D69-BB47-00633EACA170}.Release|x86.Build.0 = Release|x86
		{CE954512-3F05-42C9-99BF-0D3EDAE42CD6}.Debug|Any CPU.ActiveCfg = Debug|Any CPU
		{CE954512-3F05-42C9-99BF-0D3EDAE42CD6}.Debug|Any CPU.Build.0 = Debug|Any CPU
		{CE954512-3F05-42C9-99BF-0D3EDAE42CD6}.Debug|x86.ActiveCfg = Debug|x86
		{CE954512-3F05-42C9-99BF-0D3EDAE42CD6}.Debug|x86.Build.0 = Debug|x86
		{CE954512-3F05-42C9-99BF-0D3EDAE42CD6}.Release|Any CPU.ActiveCfg = Release|Any CPU
		{CE954512-3F05-42C9-99BF-0D3EDAE42CD6}.Release|Any CPU.Build.0 = Release|Any CPU
		{CE954512-3F05-42C9-99BF-0D3EDAE42CD6}.Release|x86.ActiveCfg = Release|x86
		{CE954512-3F05-42C9-99BF-0D3EDAE42CD6}.Release|x86.Build.0 = Release|x86
		{4F4C5B98-9E31-4792-B40D-DA3651CD71BB}.Debug|Any CPU.ActiveCfg = Debug|Any CPU
		{4F4C5B98-9E31-4792-B40D-DA3651CD71BB}.Debug|Any CPU.Build.0 = Debug|Any CPU
		{4F4C5B98-9E31-4792-B40D-DA3651CD71BB}.Debug|x86.ActiveCfg = Debug|x86
		{4F4C5B98-9E31-4792-B40D-DA3651CD71BB}.Debug|x86.Build.0 = Debug|x86
		{4F4C5B98-9E31-4792-B40D-DA3651CD71BB}.Release|Any CPU.ActiveCfg = Release|Any CPU
		{4F4C5B98-9E31-4792-B40D-DA3651CD71BB}.Release|Any CPU.Build.0 = Release|Any CPU
		{4F4C5B98-9E31-4792-B40D-DA3651CD71BB}.Release|x86.ActiveCfg = Release|x86
		{4F4C5B98-9E31-4792-B40D-DA3651CD71BB}.Release|x86.Build.0 = Release|x86
		{EAF7BA39-90F2-4D9C-91C5-9DA5846A509E}.Debug|Any CPU.ActiveCfg = Debug|Any CPU
		{EAF7BA39-90F2-4D9C-91C5-9DA5846A509E}.Debug|Any CPU.Build.0 = Debug|Any CPU
		{EAF7BA39-90F2-4D9C-91C5-9DA5846A509E}.Debug|x86.ActiveCfg = Debug|x86
		{EAF7BA39-90F2-4D9C-91C5-9DA5846A509E}.Debug|x86.Build.0 = Debug|x86
		{EAF7BA39-90F2-4D9C-91C5-9DA5846A509E}.Release|Any CPU.ActiveCfg = Release|Any CPU
		{EAF7BA39-90F2-4D9C-91C5-9DA5846A509E}.Release|Any CPU.Build.0 = Release|Any CPU
		{EAF7BA39-90F2-4D9C-91C5-9DA5846A509E}.Release|x86.ActiveCfg = Release|x86
		{EAF7BA39-90F2-4D9C-91C5-9DA5846A509E}.Release|x86.Build.0 = Release|x86
		{979F9D6E-36B5-4EDA-82EC-C62D95B25BAE}.Debug|Any CPU.ActiveCfg = Debug|Any CPU
		{979F9D6E-36B5-4EDA-82EC-C62D95B25BAE}.Debug|Any CPU.Build.0 = Debug|Any CPU
		{979F9D6E-36B5-4EDA-82EC-C62D95B25BAE}.Debug|x86.ActiveCfg = Debug|x86
		{979F9D6E-36B5-4EDA-82EC-C62D95B25BAE}.Debug|x86.Build.0 = Debug|x86
		{979F9D6E-36B5-4EDA-82EC-C62D95B25BAE}.Release|Any CPU.ActiveCfg = Release|Any CPU
		{979F9D6E-36B5-4EDA-82EC-C62D95B25BAE}.Release|Any CPU.Build.0 = Release|Any CPU
		{979F9D6E-36B5-4EDA-82EC-C62D95B25BAE}.Release|x86.ActiveCfg = Release|x86
		{979F9D6E-36B5-4EDA-82EC-C62D95B25BAE}.Release|x86.Build.0 = Release|x86
		{7B92DB00-41B9-415F-BE30-74295BF35798}.Debug|Any CPU.ActiveCfg = Debug|Any CPU
		{7B92DB00-41B9-415F-BE30-74295BF35798}.Debug|Any CPU.Build.0 = Debug|Any CPU
		{7B92DB00-41B9-415F-BE30-74295BF35798}.Debug|x86.ActiveCfg = Debug|x86
		{7B92DB00-41B9-415F-BE30-74295BF35798}.Debug|x86.Build.0 = Debug|x86
		{7B92DB00-41B9-415F-BE30-74295BF35798}.Release|Any CPU.ActiveCfg = Release|Any CPU
		{7B92DB00-41B9-415F-BE30-74295BF35798}.Release|Any CPU.Build.0 = Release|Any CPU
		{7B92DB00-41B9-415F-BE30-74295BF35798}.Release|x86.ActiveCfg = Release|x86
		{7B92DB00-41B9-415F-BE30-74295BF35798}.Release|x86.Build.0 = Release|x86
		{69CFAB93-B060-4474-B40E-6CF6CCA738FD}.Debug|Any CPU.ActiveCfg = Debug|Any CPU
		{69CFAB93-B060-4474-B40E-6CF6CCA738FD}.Debug|Any CPU.Build.0 = Debug|Any CPU
		{69CFAB93-B060-4474-B40E-6CF6CCA738FD}.Debug|x86.ActiveCfg = Debug|x86
		{69CFAB93-B060-4474-B40E-6CF6CCA738FD}.Debug|x86.Build.0 = Debug|x86
		{69CFAB93-B060-4474-B40E-6CF6CCA738FD}.Release|Any CPU.ActiveCfg = Release|Any CPU
		{69CFAB93-B060-4474-B40E-6CF6CCA738FD}.Release|Any CPU.Build.0 = Release|Any CPU
		{69CFAB93-B060-4474-B40E-6CF6CCA738FD}.Release|x86.ActiveCfg = Release|x86
		{69CFAB93-B060-4474-B40E-6CF6CCA738FD}.Release|x86.Build.0 = Release|x86
		{3219B9C8-F248-4347-9D02-2A1156ECBC2B}.Debug|Any CPU.ActiveCfg = Debug|Any CPU
		{3219B9C8-F248-4347-9D02-2A1156ECBC2B}.Debug|Any CPU.Build.0 = Debug|Any CPU
		{3219B9C8-F248-4347-9D02-2A1156ECBC2B}.Debug|x86.ActiveCfg = Debug|x86
		{3219B9C8-F248-4347-9D02-2A1156ECBC2B}.Debug|x86.Build.0 = Debug|x86
		{3219B9C8-F248-4347-9D02-2A1156ECBC2B}.Release|Any CPU.ActiveCfg = Release|Any CPU
		{3219B9C8-F248-4347-9D02-2A1156ECBC2B}.Release|Any CPU.Build.0 = Release|Any CPU
		{3219B9C8-F248-4347-9D02-2A1156ECBC2B}.Release|x86.ActiveCfg = Release|x86
		{3219B9C8-F248-4347-9D02-2A1156ECBC2B}.Release|x86.Build.0 = Release|x86
		{820577D8-6BB5-4648-B16B-4B65D9F99EB6}.Debug|Any CPU.ActiveCfg = Debug|Any CPU
		{820577D8-6BB5-4648-B16B-4B65D9F99EB6}.Debug|Any CPU.Build.0 = Debug|Any CPU
		{820577D8-6BB5-4648-B16B-4B65D9F99EB6}.Debug|x86.ActiveCfg = Debug|x86
		{820577D8-6BB5-4648-B16B-4B65D9F99EB6}.Debug|x86.Build.0 = Debug|x86
		{820577D8-6BB5-4648-B16B-4B65D9F99EB6}.Release|Any CPU.ActiveCfg = Release|Any CPU
		{820577D8-6BB5-4648-B16B-4B65D9F99EB6}.Release|Any CPU.Build.0 = Release|Any CPU
		{820577D8-6BB5-4648-B16B-4B65D9F99EB6}.Release|x86.ActiveCfg = Release|x86
		{820577D8-6BB5-4648-B16B-4B65D9F99EB6}.Release|x86.Build.0 = Release|x86
		{1806F3A0-6299-47E0-BD01-81F4E92E2C3D}.Debug|Any CPU.ActiveCfg = Debug|Any CPU
		{1806F3A0-6299-47E0-BD01-81F4E92E2C3D}.Debug|Any CPU.Build.0 = Debug|Any CPU
		{1806F3A0-6299-47E0-BD01-81F4E92E2C3D}.Debug|x86.ActiveCfg = Debug|x86
		{1806F3A0-6299-47E0-BD01-81F4E92E2C3D}.Debug|x86.Build.0 = Debug|x86
		{1806F3A0-6299-47E0-BD01-81F4E92E2C3D}.Release|Any CPU.ActiveCfg = Release|Any CPU
		{1806F3A0-6299-47E0-BD01-81F4E92E2C3D}.Release|Any CPU.Build.0 = Release|Any CPU
		{1806F3A0-6299-47E0-BD01-81F4E92E2C3D}.Release|x86.ActiveCfg = Release|x86
		{1806F3A0-6299-47E0-BD01-81F4E92E2C3D}.Release|x86.Build.0 = Release|x86
	EndGlobalSection
	GlobalSection(SolutionProperties) = preSolution
		HideSolutionNode = FALSE
	EndGlobalSection
	GlobalSection(ExtensibilityGlobals) = postSolution
		SolutionGuid = {84F827C1-945C-4DFA-9169-F6D6525140B6}
	EndGlobalSection
EndGlobal
